
Microsoft Visual Studio Solution File, Format Version 12.00
# Visual Studio Version 17
VisualStudioVersion = 17.4.33122.133
MinimumVisualStudioVersion = 10.0.40219.1
Project("{FAE04EC0-301F-11D3-BF4B-00C04F79EFBC}") = "exercicioMatrizResolvido", "exercicioMatrizResolvido.csproj", "{D1E23D32-3946-4A0B-9F4F-2A2F6FE7379F}"
EndProject
Global
	GlobalSection(SolutionConfigurationPlatforms) = preSolution
		Debug|Any CPU = Debug|Any CPU
		Release|Any CPU = Release|Any CPU
	EndGlobalSection
	GlobalSection(ProjectConfigurationPlatforms) = postSolution
		{D1E23D32-3946-4A0B-9F4F-2A2F6FE7379F}.Debug|Any CPU.ActiveCfg = Debug|Any CPU
		{D1E23D32-3946-4A0B-9F4F-2A2F6FE7379F}.Debug|Any CPU.Build.0 = Debug|Any CPU
		{D1E23D32-3946-4A0B-9F4F-2A2F6FE7379F}.Release|Any CPU.ActiveCfg = Release|Any CPU
		{D1E23D32-3946-4A0B-9F4F-2A2F6FE7379F}.Release|Any CPU.Build.0 = Release|Any CPU
	EndGlobalSection
	GlobalSection(SolutionProperties) = preSolution
		HideSolutionNode = FALSE
	EndGlobalSection
	GlobalSection(ExtensibilityGlobals) = postSolution
		SolutionGuid = {023D28A4-B47B-4572-B069-226CE1C7B80D}
	EndGlobalSection
EndGlobal
